
Microsoft Visual Studio Solution File, Format Version 12.00
# Visual Studio Version 16
VisualStudioVersion = 16.0.30011.22
MinimumVisualStudioVersion = 10.0.40219.1
Project("{FAE04EC0-301F-11D3-BF4B-00C04F79EFBC}") = "ValhCreationSuiteCharacterCreationApplication", "ValhCreationSuiteCharacterCreationApplication\ValhCreationSuiteCharacterCreationApplication.csproj", "{05284DF9-AA48-4352-BB5C-F207793877AF}"
EndProject
Global
	GlobalSection(SolutionConfigurationPlatforms) = preSolution
		Debug|Any CPU = Debug|Any CPU
		Release|Any CPU = Release|Any CPU
	EndGlobalSection
	GlobalSection(ProjectConfigurationPlatforms) = postSolution
		{05284DF9-AA48-4352-BB5C-F207793877AF}.Debug|Any CPU.ActiveCfg = Debug|Any CPU
		{05284DF9-AA48-4352-BB5C-F207793877AF}.Debug|Any CPU.Build.0 = Debug|Any CPU
		{05284DF9-AA48-4352-BB5C-F207793877AF}.Release|Any CPU.ActiveCfg = Release|Any CPU
		{05284DF9-AA48-4352-BB5C-F207793877AF}.Release|Any CPU.Build.0 = Release|Any CPU
	EndGlobalSection
	GlobalSection(SolutionProperties) = preSolution
		HideSolutionNode = FALSE
	EndGlobalSection
	GlobalSection(ExtensibilityGlobals) = postSolution
		SolutionGuid = {50BCEC8F-9FA5-47FB-A4E5-E599218891CF}
	EndGlobalSection
EndGlobal
